// !$*UTF8*$!
{
	archiveVersion = 1;
	classes = {
	};
	objectVersion = 56;
	objects = {

/* Begin PBXBuildFile section */
		8CB708342B0A992D00F2262C /* AppDelegate.swift in Sources */ = {isa = PBXBuildFile; fileRef = 8CB708332B0A992D00F2262C /* AppDelegate.swift */; };
		8CB708362B0A992D00F2262C /* SceneDelegate.swift in Sources */ = {isa = PBXBuildFile; fileRef = 8CB708352B0A992D00F2262C /* SceneDelegate.swift */; };
		8CB7083B2B0A992D00F2262C /* Main.storyboard in Resources */ = {isa = PBXBuildFile; fileRef = 8CB708392B0A992D00F2262C /* Main.storyboard */; };
		8CB7083D2B0A992E00F2262C /* Assets.xcassets in Resources */ = {isa = PBXBuildFile; fileRef = 8CB7083C2B0A992E00F2262C /* Assets.xcassets */; };
		8CB708402B0A992E00F2262C /* LaunchScreen.storyboard in Resources */ = {isa = PBXBuildFile; fileRef = 8CB7083E2B0A992E00F2262C /* LaunchScreen.storyboard */; };
		8CB708482B0BD5DD00F2262C /* HomeCollectionViewController.swift in Sources */ = {isa = PBXBuildFile; fileRef = 8CB708472B0BD5DD00F2262C /* HomeCollectionViewController.swift */; };
		8CB7084A2B0BD5F400F2262C /* HabitCollectionViewController.swift in Sources */ = {isa = PBXBuildFile; fileRef = 8CB708492B0BD5F400F2262C /* HabitCollectionViewController.swift */; };
		8CB7084C2B0BD60700F2262C /* UserCollectionViewController.swift in Sources */ = {isa = PBXBuildFile; fileRef = 8CB7084B2B0BD60700F2262C /* UserCollectionViewController.swift */; };
		8CB7084E2B0BD61700F2262C /* LogHabitCollectionViewController.swift in Sources */ = {isa = PBXBuildFile; fileRef = 8CB7084D2B0BD61700F2262C /* LogHabitCollectionViewController.swift */; };
		8CB708502B0BD7C400F2262C /* HabitDetailViewController.swift in Sources */ = {isa = PBXBuildFile; fileRef = 8CB7084F2B0BD7C400F2262C /* HabitDetailViewController.swift */; };
		8CB708522B0BD7D500F2262C /* UserDetailViewController.swift in Sources */ = {isa = PBXBuildFile; fileRef = 8CB708512B0BD7D500F2262C /* UserDetailViewController.swift */; };
		8CB708542B0BDD2600F2262C /* Habit.swift in Sources */ = {isa = PBXBuildFile; fileRef = 8CB708532B0BDD2600F2262C /* Habit.swift */; };
		8CB708582B0BE3BC00F2262C /* APIRequest.swift in Sources */ = {isa = PBXBuildFile; fileRef = 8CB708572B0BE3BC00F2262C /* APIRequest.swift */; };
		8CB7085A2B0BF36200F2262C /* APIService.swift in Sources */ = {isa = PBXBuildFile; fileRef = 8CB708592B0BF36100F2262C /* APIService.swift */; };
		8CB7085C2B0BF61F00F2262C /* Category.swift in Sources */ = {isa = PBXBuildFile; fileRef = 8CB7085B2B0BF61F00F2262C /* Category.swift */; };
		8CD15DE32B0D2F8C003B0F52 /* Settings.swift in Sources */ = {isa = PBXBuildFile; fileRef = 8CD15DE22B0D2F8C003B0F52 /* Settings.swift */; };
		8CD15DE52B0D8866003B0F52 /* UICollectionDiffableDataSource+ViewModel.swift in Sources */ = {isa = PBXBuildFile; fileRef = 8CD15DE42B0D8866003B0F52 /* UICollectionDiffableDataSource+ViewModel.swift */; };
		8CD15DE72B0EEFA6003B0F52 /* NamedSectionHeaderView.swift in Sources */ = {isa = PBXBuildFile; fileRef = 8CD15DE62B0EEFA6003B0F52 /* NamedSectionHeaderView.swift */; };
		8CE9AF662B0FBAA900177E12 /* User.swift in Sources */ = {isa = PBXBuildFile; fileRef = 8CE9AF652B0FBAA900177E12 /* User.swift */; };
		8CE9AF682B1003C700177E12 /* HabitStatistics.swift in Sources */ = {isa = PBXBuildFile; fileRef = 8CE9AF672B1003C700177E12 /* HabitStatistics.swift */; };
		8CE9AF6A2B10057100177E12 /* UserCount.swift in Sources */ = {isa = PBXBuildFile; fileRef = 8CE9AF692B10057100177E12 /* UserCount.swift */; };
/* End PBXBuildFile section */

/* Begin PBXFileReference section */
		8CB708302B0A992D00F2262C /* Habits.app */ = {isa = PBXFileReference; explicitFileType = wrapper.application; includeInIndex = 0; path = Habits.app; sourceTree = BUILT_PRODUCTS_DIR; };
		8CB708332B0A992D00F2262C /* AppDelegate.swift */ = {isa = PBXFileReference; lastKnownFileType = sourcecode.swift; path = AppDelegate.swift; sourceTree = "<group>"; };
		8CB708352B0A992D00F2262C /* SceneDelegate.swift */ = {isa = PBXFileReference; lastKnownFileType = sourcecode.swift; path = SceneDelegate.swift; sourceTree = "<group>"; };
		8CB7083A2B0A992D00F2262C /* Base */ = {isa = PBXFileReference; lastKnownFileType = file.storyboard; name = Base; path = Base.lproj/Main.storyboard; sourceTree = "<group>"; };
		8CB7083C2B0A992E00F2262C /* Assets.xcassets */ = {isa = PBXFileReference; lastKnownFileType = folder.assetcatalog; path = Assets.xcassets; sourceTree = "<group>"; };
		8CB7083F2B0A992E00F2262C /* Base */ = {isa = PBXFileReference; lastKnownFileType = file.storyboard; name = Base; path = Base.lproj/LaunchScreen.storyboard; sourceTree = "<group>"; };
		8CB708412B0A992E00F2262C /* Info.plist */ = {isa = PBXFileReference; lastKnownFileType = text.plist.xml; path = Info.plist; sourceTree = "<group>"; };
		8CB708472B0BD5DD00F2262C /* HomeCollectionViewController.swift */ = {isa = PBXFileReference; lastKnownFileType = sourcecode.swift; path = HomeCollectionViewController.swift; sourceTree = "<group>"; };
		8CB708492B0BD5F400F2262C /* HabitCollectionViewController.swift */ = {isa = PBXFileReference; lastKnownFileType = sourcecode.swift; path = HabitCollectionViewController.swift; sourceTree = "<group>"; };
		8CB7084B2B0BD60700F2262C /* UserCollectionViewController.swift */ = {isa = PBXFileReference; lastKnownFileType = sourcecode.swift; path = UserCollectionViewController.swift; sourceTree = "<group>"; };
		8CB7084D2B0BD61700F2262C /* LogHabitCollectionViewController.swift */ = {isa = PBXFileReference; lastKnownFileType = sourcecode.swift; path = LogHabitCollectionViewController.swift; sourceTree = "<group>"; };
		8CB7084F2B0BD7C400F2262C /* HabitDetailViewController.swift */ = {isa = PBXFileReference; lastKnownFileType = sourcecode.swift; path = HabitDetailViewController.swift; sourceTree = "<group>"; };
		8CB708512B0BD7D500F2262C /* UserDetailViewController.swift */ = {isa = PBXFileReference; lastKnownFileType = sourcecode.swift; path = UserDetailViewController.swift; sourceTree = "<group>"; };
		8CB708532B0BDD2600F2262C /* Habit.swift */ = {isa = PBXFileReference; lastKnownFileType = sourcecode.swift; path = Habit.swift; sourceTree = "<group>"; };
		8CB708572B0BE3BC00F2262C /* APIRequest.swift */ = {isa = PBXFileReference; lastKnownFileType = sourcecode.swift; path = APIRequest.swift; sourceTree = "<group>"; };
		8CB708592B0BF36100F2262C /* APIService.swift */ = {isa = PBXFileReference; lastKnownFileType = sourcecode.swift; path = APIService.swift; sourceTree = "<group>"; };
		8CB7085B2B0BF61F00F2262C /* Category.swift */ = {isa = PBXFileReference; lastKnownFileType = sourcecode.swift; path = Category.swift; sourceTree = "<group>"; };
		8CD15DE22B0D2F8C003B0F52 /* Settings.swift */ = {isa = PBXFileReference; lastKnownFileType = sourcecode.swift; path = Settings.swift; sourceTree = "<group>"; };
		8CD15DE42B0D8866003B0F52 /* UICollectionDiffableDataSource+ViewModel.swift */ = {isa = PBXFileReference; lastKnownFileType = sourcecode.swift; path = "UICollectionDiffableDataSource+ViewModel.swift"; sourceTree = "<group>"; };
		8CD15DE62B0EEFA6003B0F52 /* NamedSectionHeaderView.swift */ = {isa = PBXFileReference; lastKnownFileType = sourcecode.swift; path = NamedSectionHeaderView.swift; sourceTree = "<group>"; };
		8CE9AF652B0FBAA900177E12 /* User.swift */ = {isa = PBXFileReference; lastKnownFileType = sourcecode.swift; path = User.swift; sourceTree = "<group>"; };
		8CE9AF672B1003C700177E12 /* HabitStatistics.swift */ = {isa = PBXFileReference; lastKnownFileType = sourcecode.swift; path = HabitStatistics.swift; sourceTree = "<group>"; };
		8CE9AF692B10057100177E12 /* UserCount.swift */ = {isa = PBXFileReference; lastKnownFileType = sourcecode.swift; path = UserCount.swift; sourceTree = "<group>"; };
/* End PBXFileReference section */

/* Begin PBXFrameworksBuildPhase section */
		8CB7082D2B0A992D00F2262C /* Frameworks */ = {
			isa = PBXFrameworksBuildPhase;
			buildActionMask = 2147483647;
			files = (
			);
			runOnlyForDeploymentPostprocessing = 0;
		};
/* End PBXFrameworksBuildPhase section */

/* Begin PBXGroup section */
		8CB708272B0A992D00F2262C = {
			isa = PBXGroup;
			children = (
				8CB708322B0A992D00F2262C /* Habits */,
				8CB708312B0A992D00F2262C /* Products */,
			);
			sourceTree = "<group>";
		};
		8CB708312B0A992D00F2262C /* Products */ = {
			isa = PBXGroup;
			children = (
				8CB708302B0A992D00F2262C /* Habits.app */,
			);
			name = Products;
			sourceTree = "<group>";
		};
		8CB708322B0A992D00F2262C /* Habits */ = {
			isa = PBXGroup;
			children = (
				8CB708332B0A992D00F2262C /* AppDelegate.swift */,
				8CB708352B0A992D00F2262C /* SceneDelegate.swift */,
				8CB708392B0A992D00F2262C /* Main.storyboard */,
				8CB7083C2B0A992E00F2262C /* Assets.xcassets */,
				8CB7083E2B0A992E00F2262C /* LaunchScreen.storyboard */,
				8CB708412B0A992E00F2262C /* Info.plist */,
				8CD15DE62B0EEFA6003B0F52 /* NamedSectionHeaderView.swift */,
				8CB708592B0BF36100F2262C /* APIService.swift */,
				8CB708472B0BD5DD00F2262C /* HomeCollectionViewController.swift */,
				8CB708492B0BD5F400F2262C /* HabitCollectionViewController.swift */,
				8CB7084B2B0BD60700F2262C /* UserCollectionViewController.swift */,
				8CB7084D2B0BD61700F2262C /* LogHabitCollectionViewController.swift */,
				8CB7084F2B0BD7C400F2262C /* HabitDetailViewController.swift */,
				8CB708512B0BD7D500F2262C /* UserDetailViewController.swift */,
				8CB708532B0BDD2600F2262C /* Habit.swift */,
				8CB708572B0BE3BC00F2262C /* APIRequest.swift */,
				8CB7085B2B0BF61F00F2262C /* Category.swift */,
				8CD15DE22B0D2F8C003B0F52 /* Settings.swift */,
				8CD15DE42B0D8866003B0F52 /* UICollectionDiffableDataSource+ViewModel.swift */,
				8CE9AF652B0FBAA900177E12 /* User.swift */,
				8CE9AF672B1003C700177E12 /* HabitStatistics.swift */,
				8CE9AF692B10057100177E12 /* UserCount.swift */,
			);
			path = Habits;
			sourceTree = "<group>";
		};
/* End PBXGroup section */

/* Begin PBXNativeTarget section */
		8CB7082F2B0A992D00F2262C /* Habits */ = {
			isa = PBXNativeTarget;
			buildConfigurationList = 8CB708442B0A992E00F2262C /* Build configuration list for PBXNativeTarget "Habits" */;
			buildPhases = (
				8CB7082C2B0A992D00F2262C /* Sources */,
				8CB7082D2B0A992D00F2262C /* Frameworks */,
				8CB7082E2B0A992D00F2262C /* Resources */,
			);
			buildRules = (
			);
			dependencies = (
			);
			name = Habits;
			productName = Habits;
			productReference = 8CB708302B0A992D00F2262C /* Habits.app */;
			productType = "com.apple.product-type.application";
		};
/* End PBXNativeTarget section */

/* Begin PBXProject section */
		8CB708282B0A992D00F2262C /* Project object */ = {
			isa = PBXProject;
			attributes = {
				BuildIndependentTargetsInParallel = 1;
				LastSwiftUpdateCheck = 1430;
				LastUpgradeCheck = 1430;
				TargetAttributes = {
					8CB7082F2B0A992D00F2262C = {
						CreatedOnToolsVersion = 14.3.1;
					};
				};
			};
			buildConfigurationList = 8CB7082B2B0A992D00F2262C /* Build configuration list for PBXProject "Habits" */;
			compatibilityVersion = "Xcode 14.0";
			developmentRegion = en;
			hasScannedForEncodings = 0;
			knownRegions = (
				en,
				Base,
			);
			mainGroup = 8CB708272B0A992D00F2262C;
			productRefGroup = 8CB708312B0A992D00F2262C /* Products */;
			projectDirPath = "";
			projectRoot = "";
			targets = (
				8CB7082F2B0A992D00F2262C /* Habits */,
			);
		};
/* End PBXProject section */

/* Begin PBXResourcesBuildPhase section */
		8CB7082E2B0A992D00F2262C /* Resources */ = {
			isa = PBXResourcesBuildPhase;
			buildActionMask = 2147483647;
			files = (
				8CB708402B0A992E00F2262C /* LaunchScreen.storyboard in Resources */,
				8CB7083D2B0A992E00F2262C /* Assets.xcassets in Resources */,
				8CB7083B2B0A992D00F2262C /* Main.storyboard in Resources */,
			);
			runOnlyForDeploymentPostprocessing = 0;
		};
/* End PBXResourcesBuildPhase section */

/* Begin PBXSourcesBuildPhase section */
		8CB7082C2B0A992D00F2262C /* Sources */ = {
			isa = PBXSourcesBuildPhase;
			buildActionMask = 2147483647;
			files = (
				8CB708482B0BD5DD00F2262C /* HomeCollectionViewController.swift in Sources */,
				8CB7084C2B0BD60700F2262C /* UserCollectionViewController.swift in Sources */,
				8CD15DE52B0D8866003B0F52 /* UICollectionDiffableDataSource+ViewModel.swift in Sources */,
				8CD15DE32B0D2F8C003B0F52 /* Settings.swift in Sources */,
				8CE9AF662B0FBAA900177E12 /* User.swift in Sources */,
				8CB708522B0BD7D500F2262C /* UserDetailViewController.swift in Sources */,
				8CB7084A2B0BD5F400F2262C /* HabitCollectionViewController.swift in Sources */,
				8CB708342B0A992D00F2262C /* AppDelegate.swift in Sources */,
				8CB7084E2B0BD61700F2262C /* LogHabitCollectionViewController.swift in Sources */,
				8CD15DE72B0EEFA6003B0F52 /* NamedSectionHeaderView.swift in Sources */,
				8CB708582B0BE3BC00F2262C /* APIRequest.swift in Sources */,
				8CE9AF682B1003C700177E12 /* HabitStatistics.swift in Sources */,
				8CB708542B0BDD2600F2262C /* Habit.swift in Sources */,
				8CB7085C2B0BF61F00F2262C /* Category.swift in Sources */,
				8CB708502B0BD7C400F2262C /* HabitDetailViewController.swift in Sources */,
				8CB7085A2B0BF36200F2262C /* APIService.swift in Sources */,
				8CE9AF6A2B10057100177E12 /* UserCount.swift in Sources */,
				8CB708362B0A992D00F2262C /* SceneDelegate.swift in Sources */,
			);
			runOnlyForDeploymentPostprocessing = 0;
		};
/* End PBXSourcesBuildPhase section */

/* Begin PBXVariantGroup section */
		8CB708392B0A992D00F2262C /* Main.storyboard */ = {
			isa = PBXVariantGroup;
			children = (
				8CB7083A2B0A992D00F2262C /* Base */,
			);
			name = Main.storyboard;
			sourceTree = "<group>";
		};
		8CB7083E2B0A992E00F2262C /* LaunchScreen.storyboard */ = {
			isa = PBXVariantGroup;
			children = (
				8CB7083F2B0A992E00F2262C /* Base */,
			);
			name = LaunchScreen.storyboard;
			sourceTree = "<group>";
		};
/* End PBXVariantGroup section */

/* Begin XCBuildConfiguration section */
		8CB708422B0A992E00F2262C /* Debug */ = {
			isa = XCBuildConfiguration;
			buildSettings = {
				ALWAYS_SEARCH_USER_PATHS = NO;
				CLANG_ANALYZER_NONNULL = YES;
				CLANG_ANALYZER_NUMBER_OBJECT_CONVERSION = YES_AGGRESSIVE;
				CLANG_CXX_LANGUAGE_STANDARD = "gnu++20";
				CLANG_ENABLE_MODULES = YES;
				CLANG_ENABLE_OBJC_ARC = YES;
				CLANG_ENABLE_OBJC_WEAK = YES;
				CLANG_WARN_BLOCK_CAPTURE_AUTORELEASING = YES;
				CLANG_WARN_BOOL_CONVERSION = YES;
				CLANG_WARN_COMMA = YES;
				CLANG_WARN_CONSTANT_CONVERSION = YES;
				CLANG_WARN_DEPRECATED_OBJC_IMPLEMENTATIONS = YES;
				CLANG_WARN_DIRECT_OBJC_ISA_USAGE = YES_ERROR;
				CLANG_WARN_DOCUMENTATION_COMMENTS = YES;
				CLANG_WARN_EMPTY_BODY = YES;
				CLANG_WARN_ENUM_CONVERSION = YES;
				CLANG_WARN_INFINITE_RECURSION = YES;
				CLANG_WARN_INT_CONVERSION = YES;
				CLANG_WARN_NON_LITERAL_NULL_CONVERSION = YES;
				CLANG_WARN_OBJC_IMPLICIT_RETAIN_SELF = YES;
				CLANG_WARN_OBJC_LITERAL_CONVERSION = YES;
				CLANG_WARN_OBJC_ROOT_CLASS = YES_ERROR;
				CLANG_WARN_QUOTED_INCLUDE_IN_FRAMEWORK_HEADER = YES;
				CLANG_WARN_RANGE_LOOP_ANALYSIS = YES;
				CLANG_WARN_STRICT_PROTOTYPES = YES;
				CLANG_WARN_SUSPICIOUS_MOVE = YES;
				CLANG_WARN_UNGUARDED_AVAILABILITY = YES_AGGRESSIVE;
				CLANG_WARN_UNREACHABLE_CODE = YES;
				CLANG_WARN__DUPLICATE_METHOD_MATCH = YES;
				COPY_PHASE_STRIP = NO;
				DEBUG_INFORMATION_FORMAT = dwarf;
				ENABLE_STRICT_OBJC_MSGSEND = YES;
				ENABLE_TESTABILITY = YES;
				GCC_C_LANGUAGE_STANDARD = gnu11;
				GCC_DYNAMIC_NO_PIC = NO;
				GCC_NO_COMMON_BLOCKS = YES;
				GCC_OPTIMIZATION_LEVEL = 0;
				GCC_PREPROCESSOR_DEFINITIONS = (
					"DEBUG=1",
					"$(inherited)",
				);
				GCC_WARN_64_TO_32_BIT_CONVERSION = YES;
				GCC_WARN_ABOUT_RETURN_TYPE = YES_ERROR;
				GCC_WARN_UNDECLARED_SELECTOR = YES;
				GCC_WARN_UNINITIALIZED_AUTOS = YES_AGGRESSIVE;
				GCC_WARN_UNUSED_FUNCTION = YES;
				GCC_WARN_UNUSED_VARIABLE = YES;
				IPHONEOS_DEPLOYMENT_TARGET = 16.4;
				MTL_ENABLE_DEBUG_INFO = INCLUDE_SOURCE;
				MTL_FAST_MATH = YES;
				ONLY_ACTIVE_ARCH = YES;
				SDKROOT = iphoneos;
				SWIFT_ACTIVE_COMPILATION_CONDITIONS = DEBUG;
				SWIFT_OPTIMIZATION_LEVEL = "-Onone";
			};
			name = Debug;
		};
		8CB708432B0A992E00F2262C /* Release */ = {
			isa = XCBuildConfiguration;
			buildSettings = {
				ALWAYS_SEARCH_USER_PATHS = NO;
				CLANG_ANALYZER_NONNULL = YES;
				CLANG_ANALYZER_NUMBER_OBJECT_CONVERSION = YES_AGGRESSIVE;
				CLANG_CXX_LANGUAGE_STANDARD = "gnu++20";
				CLANG_ENABLE_MODULES = YES;
				CLANG_ENABLE_OBJC_ARC = YES;
				CLANG_ENABLE_OBJC_WEAK = YES;
				CLANG_WARN_BLOCK_CAPTURE_AUTORELEASING = YES;
				CLANG_WARN_BOOL_CONVERSION = YES;
				CLANG_WARN_COMMA = YES;
				CLANG_WARN_CONSTANT_CONVERSION = YES;
				CLANG_WARN_DEPRECATED_OBJC_IMPLEMENTATIONS = YES;
				CLANG_WARN_DIRECT_OBJC_ISA_USAGE = YES_ERROR;
				CLANG_WARN_DOCUMENTATION_COMMENTS = YES;
				CLANG_WARN_EMPTY_BODY = YES;
				CLANG_WARN_ENUM_CONVERSION = YES;
				CLANG_WARN_INFINITE_RECURSION = YES;
				CLANG_WARN_INT_CONVERSION = YES;
				CLANG_WARN_NON_LITERAL_NULL_CONVERSION = YES;
				CLANG_WARN_OBJC_IMPLICIT_RETAIN_SELF = YES;
				CLANG_WARN_OBJC_LITERAL_CONVERSION = YES;
				CLANG_WARN_OBJC_ROOT_CLASS = YES_ERROR;
				CLANG_WARN_QUOTED_INCLUDE_IN_FRAMEWORK_HEADER = YES;
				CLANG_WARN_RANGE_LOOP_ANALYSIS = YES;
				CLANG_WARN_STRICT_PROTOTYPES = YES;
				CLANG_WARN_SUSPICIOUS_MOVE = YES;
				CLANG_WARN_UNGUARDED_AVAILABILITY = YES_AGGRESSIVE;
				CLANG_WARN_UNREACHABLE_CODE = YES;
				CLANG_WARN__DUPLICATE_METHOD_MATCH = YES;
				COPY_PHASE_STRIP = NO;
				DEBUG_INFORMATION_FORMAT = "dwarf-with-dsym";
				ENABLE_NS_ASSERTIONS = NO;
				ENABLE_STRICT_OBJC_MSGSEND = YES;
				GCC_C_LANGUAGE_STANDARD = gnu11;
				GCC_NO_COMMON_BLOCKS = YES;
				GCC_WARN_64_TO_32_BIT_CONVERSION = YES;
				GCC_WARN_ABOUT_RETURN_TYPE = YES_ERROR;
				GCC_WARN_UNDECLARED_SELECTOR = YES;
				GCC_WARN_UNINITIALIZED_AUTOS = YES_AGGRESSIVE;
				GCC_WARN_UNUSED_FUNCTION = YES;
				GCC_WARN_UNUSED_VARIABLE = YES;
				IPHONEOS_DEPLOYMENT_TARGET = 16.4;
				MTL_ENABLE_DEBUG_INFO = NO;
				MTL_FAST_MATH = YES;
				SDKROOT = iphoneos;
				SWIFT_COMPILATION_MODE = wholemodule;
				SWIFT_OPTIMIZATION_LEVEL = "-O";
				VALIDATE_PRODUCT = YES;
			};
			name = Release;
		};
		8CB708452B0A992E00F2262C /* Debug */ = {
			isa = XCBuildConfiguration;
			buildSettings = {
				ASSETCATALOG_COMPILER_APPICON_NAME = AppIcon;
				ASSETCATALOG_COMPILER_GLOBAL_ACCENT_COLOR_NAME = AccentColor;
				CODE_SIGN_STYLE = Automatic;
				CURRENT_PROJECT_VERSION = 1;
				DEVELOPMENT_TEAM = 86C8SC428C;
				GENERATE_INFOPLIST_FILE = YES;
				INFOPLIST_FILE = Habits/Info.plist;
				INFOPLIST_KEY_UIApplicationSupportsIndirectInputEvents = YES;
				INFOPLIST_KEY_UILaunchStoryboardName = LaunchScreen;
				INFOPLIST_KEY_UIMainStoryboardFile = Main;
				INFOPLIST_KEY_UISupportedInterfaceOrientations_iPad = "UIInterfaceOrientationPortrait UIInterfaceOrientationPortraitUpsideDown UIInterfaceOrientationLandscapeLeft UIInterfaceOrientationLandscapeRight";
				INFOPLIST_KEY_UISupportedInterfaceOrientations_iPhone = "UIInterfaceOrientationPortrait UIInterfaceOrientationLandscapeLeft UIInterfaceOrientationLandscapeRight";
				LD_RUNPATH_SEARCH_PATHS = (
					"$(inherited)",
					"@executable_path/Frameworks",
				);
				MARKETING_VERSION = 1.0;
				PRODUCT_BUNDLE_IDENTIFIER = com.sigabrt.Habits;
				PRODUCT_NAME = "$(TARGET_NAME)";
				SWIFT_EMIT_LOC_STRINGS = YES;
				SWIFT_VERSION = 5.0;
				TARGETED_DEVICE_FAMILY = "1,2";
			};
			name = Debug;
		};
		8CB708462B0A992E00F2262C /* Release */ = {
			isa = XCBuildConfiguration;
			buildSettings = {
				ASSETCATALOG_COMPILER_APPICON_NAME = AppIcon;
				ASSETCATALOG_COMPILER_GLOBAL_ACCENT_COLOR_NAME = AccentColor;
				CODE_SIGN_STYLE = Automatic;
				CURRENT_PROJECT_VERSION = 1;
				DEVELOPMENT_TEAM = 86C8SC428C;
				GENERATE_INFOPLIST_FILE = YES;
				INFOPLIST_FILE = Habits/Info.plist;
				INFOPLIST_KEY_UIApplicationSupportsIndirectInputEvents = YES;
				INFOPLIST_KEY_UILaunchStoryboardName = LaunchScreen;
				INFOPLIST_KEY_UIMainStoryboardFile = Main;
				INFOPLIST_KEY_UISupportedInterfaceOrientations_iPad = "UIInterfaceOrientationPortrait UIInterfaceOrientationPortraitUpsideDown UIInterfaceOrientationLandscapeLeft UIInterfaceOrientationLandscapeRight";
				INFOPLIST_KEY_UISupportedInterfaceOrientations_iPhone = "UIInterfaceOrientationPortrait UIInterfaceOrientationLandscapeLeft UIInterfaceOrientationLandscapeRight";
				LD_RUNPATH_SEARCH_PATHS = (
					"$(inherited)",
					"@executable_path/Frameworks",
				);
				MARKETING_VERSION = 1.0;
				PRODUCT_BUNDLE_IDENTIFIER = com.sigabrt.Habits;
				PRODUCT_NAME = "$(TARGET_NAME)";
				SWIFT_EMIT_LOC_STRINGS = YES;
				SWIFT_VERSION = 5.0;
				TARGETED_DEVICE_FAMILY = "1,2";
			};
			name = Release;
		};
/* End XCBuildConfiguration section */

/* Begin XCConfigurationList section */
		8CB7082B2B0A992D00F2262C /* Build configuration list for PBXProject "Habits" */ = {
			isa = XCConfigurationList;
			buildConfigurations = (
				8CB708422B0A992E00F2262C /* Debug */,
				8CB708432B0A992E00F2262C /* Release */,
			);
			defaultConfigurationIsVisible = 0;
			defaultConfigurationName = Release;
		};
		8CB708442B0A992E00F2262C /* Build configuration list for PBXNativeTarget "Habits" */ = {
			isa = XCConfigurationList;
			buildConfigurations = (
				8CB708452B0A992E00F2262C /* Debug */,
				8CB708462B0A992E00F2262C /* Release */,
			);
			defaultConfigurationIsVisible = 0;
			defaultConfigurationName = Release;
		};
/* End XCConfigurationList section */
	};
	rootObject = 8CB708282B0A992D00F2262C /* Project object */;
}
